
Microsoft Visual Studio Solution File, Format Version 12.00
# Visual Studio 14
VisualStudioVersion = 14.0.25420.1
MinimumVisualStudioVersion = 10.0.40219.1
Project("{FAE04EC0-301F-11D3-BF4B-00C04F79EFBC}") = "PreparingForInterviews", "PreparingForInterviews\PreparingForInterviews.csproj", "{0B7E4F1E-783F-48E7-B34D-53795F31DC61}"
EndProject
Project("{FAE04EC0-301F-11D3-BF4B-00C04F79EFBC}") = "MainClassLibrary", "MainClassLibrary\MainClassLibrary.csproj", "{2E0BA1D7-2E5C-4B61-9074-B547766BDC4D}"
EndProject
Project("{FAE04EC0-301F-11D3-BF4B-00C04F79EFBC}") = "SolutionRunner", "SolutionRunner\SolutionRunner.csproj", "{66649DCC-1E55-4F6F-ADE9-45175E70D886}"
EndProject
Global
	GlobalSection(SolutionConfigurationPlatforms) = preSolution
		Debug|Any CPU = Debug|Any CPU
		Release|Any CPU = Release|Any CPU
	EndGlobalSection
	GlobalSection(ProjectConfigurationPlatforms) = postSolution
		{0B7E4F1E-783F-48E7-B34D-53795F31DC61}.Debug|Any CPU.ActiveCfg = Debug|Any CPU
		{0B7E4F1E-783F-48E7-B34D-53795F31DC61}.Debug|Any CPU.Build.0 = Debug|Any CPU
		{0B7E4F1E-783F-48E7-B34D-53795F31DC61}.Release|Any CPU.ActiveCfg = Release|Any CPU
		{0B7E4F1E-783F-48E7-B34D-53795F31DC61}.Release|Any CPU.Build.0 = Release|Any CPU
		{2E0BA1D7-2E5C-4B61-9074-B547766BDC4D}.Debug|Any CPU.ActiveCfg = Debug|Any CPU
		{2E0BA1D7-2E5C-4B61-9074-B547766BDC4D}.Debug|Any CPU.Build.0 = Debug|Any CPU
		{2E0BA1D7-2E5C-4B61-9074-B547766BDC4D}.Release|Any CPU.ActiveCfg = Release|Any CPU
		{2E0BA1D7-2E5C-4B61-9074-B547766BDC4D}.Release|Any CPU.Build.0 = Release|Any CPU
		{66649DCC-1E55-4F6F-ADE9-45175E70D886}.Debug|Any CPU.ActiveCfg = Debug|Any CPU
		{66649DCC-1E55-4F6F-ADE9-45175E70D886}.Debug|Any CPU.Build.0 = Debug|Any CPU
		{66649DCC-1E55-4F6F-ADE9-45175E70D886}.Release|Any CPU.ActiveCfg = Release|Any CPU
		{66649DCC-1E55-4F6F-ADE9-45175E70D886}.Release|Any CPU.Build.0 = Release|Any CPU
	EndGlobalSection
	GlobalSection(SolutionProperties) = preSolution
		HideSolutionNode = FALSE
	EndGlobalSection
EndGlobal
